
Microsoft Visual Studio Solution File, Format Version 12.00
# Visual Studio Version 17
VisualStudioVersion = 17.6.33723.286
MinimumVisualStudioVersion = 10.0.40219.1
Project("{2150E333-8FDC-42A3-9474-1A3956D46DE8}") = "src", "src", "{2DF1ED39-736E-4D20-9A58-11171453F67D}"
	ProjectSection(SolutionItems) = preProject
		.editorconfig = .editorconfig
	EndProjectSection
EndProject
Project("{2150E333-8FDC-42A3-9474-1A3956D46DE8}") = "hosts", "hosts", "{B297EC06-E0FF-4D6F-88ED-54F72C02F429}"
EndProject
Project("{2150E333-8FDC-42A3-9474-1A3956D46DE8}") = "libs", "libs", "{7F65FF2B-CBA8-4E1D-93CD-8B6705B45FD2}"
EndProject
Project("{9A19103F-16F7-4668-BE54-9A1E7A4F7556}") = "LeadManagerApi", "src\hosts\LeadManagerApi\LeadManagerApi.csproj", "{485A7767-3ED4-40E7-B62C-7DB0BAEFBE57}"
EndProject
Project("{2150E333-8FDC-42A3-9474-1A3956D46DE8}") = "tests", "tests", "{84743509-9CD2-4FC3-AAAF-5EC3011067B3}"
EndProject
Project("{9A19103F-16F7-4668-BE54-9A1E7A4F7556}") = "Application", "src\libs\Application\Application.csproj", "{3611469A-7BAB-4E91-8BE3-2311E043F958}"
EndProject
Project("{9A19103F-16F7-4668-BE54-9A1E7A4F7556}") = "Infrastructure", "src\libs\Infrastructure\Infrastructure.csproj", "{E9A767B4-2A3F-4415-BDF0-5B22BA165023}"
EndProject
Project("{2150E333-8FDC-42A3-9474-1A3956D46DE8}") = "unit-tests", "unit-tests", "{4DD5DB62-BEDF-44DB-B43C-4B99B185549F}"
EndProject
Project("{2150E333-8FDC-42A3-9474-1A3956D46DE8}") = "integration-tests", "integration-tests", "{E5895280-0EF5-44F3-9951-7E35E5FC6EA7}"
EndProject
Project("{2150E333-8FDC-42A3-9474-1A3956D46DE8}") = "integrations", "integrations", "{FC285A1A-ACF1-451A-93EE-05833A74FF0B}"
EndProject
Project("{9A19103F-16F7-4668-BE54-9A1E7A4F7556}") = "Shared", "src\libs\Shared\Shared.csproj", "{A96A156D-8BAE-444D-8191-B7BD94C28EE8}"
EndProject
Project("{9A19103F-16F7-4668-BE54-9A1E7A4F7556}") = "ViaCep.ServiceClient", "src\libs\Integrations\ViaCep.ServiceClient\ViaCep.ServiceClient.csproj", "{1A5C0ADA-FD0C-44BA-A03A-8414AD116497}"
EndProject
Project("{9A19103F-16F7-4668-BE54-9A1E7A4F7556}") = "Application.Tests", "tests\unit-tests\Application.Tests\Application.Tests.csproj", "{3D40D37F-7E3D-4AD5-AA7E-A62ACE042D0F}"
EndProject
Project("{9A19103F-16F7-4668-BE54-9A1E7A4F7556}") = "LeadManagerApi.Tests", "tests\integration-tests\LeadManagerApi.Tests\LeadManagerApi.Tests.csproj", "{8C7CEEF1-2500-4569-862C-1858CC336AE3}"
EndProject
Project("{2150E333-8FDC-42A3-9474-1A3956D46DE8}") = "common", "common", "{46475F55-7435-41AE-ADA4-4E09025AFE80}"
EndProject
Project("{9A19103F-16F7-4668-BE54-9A1E7A4F7556}") = "Tests.Common", "tests\common\Tests.Common\Tests.Common.csproj", "{6EE72DB4-2460-480A-BFB0-D11E465CCD7C}"
EndProject
Project("{2150E333-8FDC-42A3-9474-1A3956D46DE8}") = "cross-cutting", "cross-cutting", "{0E78EACF-F14D-4BA2-94A3-37B64AAE5277}"
EndProject
Project("{9A19103F-16F7-4668-BE54-9A1E7A4F7556}") = "CrossCutting.Csv", "src\libs\Cross-cutting\Cross-cutting.Csv\CrossCutting.Csv.csproj", "{49713D2A-ABA4-417F-9FDD-AD86F43C9B6E}"
EndProject
Project("{9A19103F-16F7-4668-BE54-9A1E7A4F7556}") = "CrossCutting.FileStorage", "src\libs\Cross-cutting\Cross-cutting.FileStorage\CrossCutting.FileStorage.csproj", "{1D8B8770-993A-4A6B-80D9-AB3666791603}"
EndProject
Project("{9A19103F-16F7-4668-BE54-9A1E7A4F7556}") = "CrossCutting.Logging", "src\libs\Cross-cutting\Cross-cutting.Logging\CrossCutting.Logging.csproj", "{AD48FD14-46D1-4BA3-B599-6DA88CAC1C7B}"
EndProject
Project("{9A19103F-16F7-4668-BE54-9A1E7A4F7556}") = "CrossCutting.Caching", "src\libs\Cross-cutting\Cross-cutting.Caching\CrossCutting.Caching.csproj", "{94A69D5D-A373-42AC-B36D-BC6234D25585}"
EndProject
Project("{9A19103F-16F7-4668-BE54-9A1E7A4F7556}") = "Infrastructure.Tests", "tests\unit-tests\Infrastructure.Tests\Infrastructure.Tests.csproj", "{F4EBD59B-5189-4783-BF60-3BF19A908AEB}"
EndProject
Project("{9A19103F-16F7-4668-BE54-9A1E7A4F7556}") = "CrossCutting.Messaging", "src\libs\Cross-cutting\Cross-cutting.Messaging\CrossCutting.Messaging.csproj", "{95A8A345-F9CD-4C84-923B-19B5D1E93FE5}"
EndProject
Project("{9A19103F-16F7-4668-BE54-9A1E7A4F7556}") = "LeadManagerNewlyCreatedLeads.Consumer", "src\hosts\LeadManagerNewlyCreatedLeads.Consumer\LeadManagerNewlyCreatedLeads.Consumer.csproj", "{614D212D-3994-4072-B707-60881162A4C4}"
EndProject
Project("{9A19103F-16F7-4668-BE54-9A1E7A4F7556}") = "LeadManagerRemovedLead.Consumer", "src\hosts\LeadManagerRemovedLead.Consumer\LeadManagerRemovedLead.Consumer.csproj", "{1D7C20B6-74A5-452A-9991-14E60924F824}"
EndProject
Project("{9A19103F-16F7-4668-BE54-9A1E7A4F7556}") = "LeadManagerUpdatedLead.Consumer", "src\hosts\LeadManagerUpdatedLead.Consumer\LeadManagerUpdatedLead.Consumer.csproj", "{FA0B1B95-09CC-40CA-8972-F5322D937ADE}"
EndProject
Project("{9A19103F-16F7-4668-BE54-9A1E7A4F7556}") = "LeadManager.BackendServices.Consumers.Common", "src\hosts\LeadManager.BackendServices.ConsumersCommon\LeadManager.BackendServices.Consumers.Common.csproj", "{D0131566-9F18-443F-B72B-A63C2A79A15B}"
EndProject
Project("{2150E333-8FDC-42A3-9474-1A3956D46DE8}") = "backends-for-front-end", "backends-for-front-end", "{6A278CFE-5241-47FC-97D5-FC7D48B08F86}"
EndProject
Project("{2150E333-8FDC-42A3-9474-1A3956D46DE8}") = "background-services", "background-services", "{71C8B27E-0340-4390-A8DC-4DD3776E4E27}"
EndProject
Project("{9A19103F-16F7-4668-BE54-9A1E7A4F7556}") = "CrossCutting.MessageContracts", "src\libs\Cross-cutting\Cross-cutting.MessageContracts\CrossCutting.MessageContracts.csproj", "{1CEE476B-A40D-44F2-876B-9BA25EBCCA3D}"
EndProject
Project("{E53339B2-1760-4266-BCC7-CA923CBCF16C}") = "docker-compose", "docker-compose.dcproj", "{5B9D956E-E842-4AD4-9A1C-3A80F347F1AF}"
EndProject
Project("{9A19103F-16F7-4668-BE54-9A1E7A4F7556}") = "CrossCutting.Security", "src\libs\Cross-cutting\Cross-cutting.Security\CrossCutting.Security.csproj", "{47E988F4-689D-48B3-9E76-94745218E7FE}"
EndProject
Project("{9A19103F-16F7-4668-BE54-9A1E7A4F7556}") = "IAMServer", "src\hosts\IAMServer\IAMServer.csproj", "{C4ABF432-C55F-4F30-ABD8-AC7F0F3D7BB7}"
EndProject
Project("{2150E333-8FDC-42A3-9474-1A3956D46DE8}") = "authorization-server", "authorization-server", "{58B4156D-AC77-4489-8C76-911E2C2F32E3}"
EndProject
Project("{9A19103F-16F7-4668-BE54-9A1E7A4F7556}") = "CrossCutting.Monitoring", "src\libs\Cross-cutting\Cross-cutting.Monitoring\CrossCutting.Monitoring.csproj", "{DA755A6A-8B27-4DD4-8D8A-BD3800B31030}"
EndProject
Project("{9A19103F-16F7-4668-BE54-9A1E7A4F7556}") = "Domain", "src\libs\Domain\Domain.csproj", "{2E4FAC1D-FC92-4ADF-9C4E-7F2711D0087D}"
EndProject
Project("{9A19103F-16F7-4668-BE54-9A1E7A4F7556}") = "Domain.Tests", "tests\unit-tests\Domain.Tests\Domain.Tests.csproj", "{093237FE-6479-42CC-9614-63257B8B532F}"
EndProject
Project("{9A19103F-16F7-4668-BE54-9A1E7A4F7556}") = "CrossCutting.EndUserCommunication", "src\libs\Cross-cutting\Cross-cutting.EndUserCommunication\CrossCutting.EndUserCommunication.csproj", "{390FC0F6-D208-433C-BCE6-0374B58AFA6D}"
EndProject
Project("{2150E333-8FDC-42A3-9474-1A3956D46DE8}") = "architecture-validation", "architecture-validation", "{124C9A1C-6B3F-4D43-9D5E-7BCA54BC68BB}"
EndProject
Project("{9A19103F-16F7-4668-BE54-9A1E7A4F7556}") = "ArchitectureValidation.Tests", "tests\architecture-validation\ArchitectureValidation.Tests\ArchitectureValidation.Tests.csproj", "{68D1E35D-A92E-48A6-930C-7B32F39C37A7}"
EndProject
Project("{2150E333-8FDC-42A3-9474-1A3956D46DE8}") = "k8s", "k8s", "{BF2B1DB0-BBEE-4AB6-B6F0-61DEC1E871CB}"
	ProjectSection(SolutionItems) = preProject
		k8s\creating-running-local-k3d-based-k8s-cluster.txt = k8s\creating-running-local-k3d-based-k8s-cluster.txt
		k8s\leadmanager.api-deployment.yaml = k8s\leadmanager.api-deployment.yaml
		k8s\leadmanager.api-ingress.yaml = k8s\leadmanager.api-ingress.yaml
		k8s\leadmanager.api-namespace.yaml = k8s\leadmanager.api-namespace.yaml
		k8s\leadmanager.api-secret.yaml = k8s\leadmanager.api-secret.yaml
		k8s\leadmanager.database-deployment.yaml = k8s\leadmanager.database-deployment.yaml
		k8s\leadmanager.messagebus-deployment.yaml = k8s\leadmanager.messagebus-deployment.yaml
		k8s\leadmanager.nginx-ingress.yaml = k8s\leadmanager.nginx-ingress.yaml
	EndProjectSection
EndProject
Project("{2150E333-8FDC-42A3-9474-1A3956D46DE8}") = "instrumentation", "instrumentation", "{68E5C70F-5BE8-4F98-BB9F-E918EFE2E264}"
	ProjectSection(SolutionItems) = preProject
		grafana-datasources.yml = grafana-datasources.yml
		otel-config.yaml = otel-config.yaml
		prometheus.yml = prometheus.yml
	EndProjectSection
EndProject
Project("{FAE04EC0-301F-11D3-BF4B-00C04F79EFBC}") = "CrossCutting.Serialization", "src\libs\Cross-cutting\Cross-cutting.Serialization\CrossCutting.Serialization.csproj", "{A1F583B3-DB44-4133-A731-921CE3628507}"
EndProject
Global
	GlobalSection(SolutionConfigurationPlatforms) = preSolution
		Debug|Any CPU = Debug|Any CPU
		Release|Any CPU = Release|Any CPU
	EndGlobalSection
	GlobalSection(ProjectConfigurationPlatforms) = postSolution
		{485A7767-3ED4-40E7-B62C-7DB0BAEFBE57}.Debug|Any CPU.ActiveCfg = Debug|Any CPU
		{485A7767-3ED4-40E7-B62C-7DB0BAEFBE57}.Debug|Any CPU.Build.0 = Debug|Any CPU
		{485A7767-3ED4-40E7-B62C-7DB0BAEFBE57}.Release|Any CPU.ActiveCfg = Release|Any CPU
		{485A7767-3ED4-40E7-B62C-7DB0BAEFBE57}.Release|Any CPU.Build.0 = Release|Any CPU
		{3611469A-7BAB-4E91-8BE3-2311E043F958}.Debug|Any CPU.ActiveCfg = Debug|Any CPU
		{3611469A-7BAB-4E91-8BE3-2311E043F958}.Debug|Any CPU.Build.0 = Debug|Any CPU
		{3611469A-7BAB-4E91-8BE3-2311E043F958}.Release|Any CPU.ActiveCfg = Release|Any CPU
		{3611469A-7BAB-4E91-8BE3-2311E043F958}.Release|Any CPU.Build.0 = Release|Any CPU
		{E9A767B4-2A3F-4415-BDF0-5B22BA165023}.Debug|Any CPU.ActiveCfg = Debug|Any CPU
		{E9A767B4-2A3F-4415-BDF0-5B22BA165023}.Debug|Any CPU.Build.0 = Debug|Any CPU
		{E9A767B4-2A3F-4415-BDF0-5B22BA165023}.Release|Any CPU.ActiveCfg = Release|Any CPU
		{E9A767B4-2A3F-4415-BDF0-5B22BA165023}.Release|Any CPU.Build.0 = Release|Any CPU
		{A96A156D-8BAE-444D-8191-B7BD94C28EE8}.Debug|Any CPU.ActiveCfg = Debug|Any CPU
		{A96A156D-8BAE-444D-8191-B7BD94C28EE8}.Debug|Any CPU.Build.0 = Debug|Any CPU
		{A96A156D-8BAE-444D-8191-B7BD94C28EE8}.Release|Any CPU.ActiveCfg = Release|Any CPU
		{A96A156D-8BAE-444D-8191-B7BD94C28EE8}.Release|Any CPU.Build.0 = Release|Any CPU
		{1A5C0ADA-FD0C-44BA-A03A-8414AD116497}.Debug|Any CPU.ActiveCfg = Debug|Any CPU
		{1A5C0ADA-FD0C-44BA-A03A-8414AD116497}.Debug|Any CPU.Build.0 = Debug|Any CPU
		{1A5C0ADA-FD0C-44BA-A03A-8414AD116497}.Release|Any CPU.ActiveCfg = Release|Any CPU
		{1A5C0ADA-FD0C-44BA-A03A-8414AD116497}.Release|Any CPU.Build.0 = Release|Any CPU
		{3D40D37F-7E3D-4AD5-AA7E-A62ACE042D0F}.Debug|Any CPU.ActiveCfg = Debug|Any CPU
		{3D40D37F-7E3D-4AD5-AA7E-A62ACE042D0F}.Debug|Any CPU.Build.0 = Debug|Any CPU
		{3D40D37F-7E3D-4AD5-AA7E-A62ACE042D0F}.Release|Any CPU.ActiveCfg = Release|Any CPU
		{3D40D37F-7E3D-4AD5-AA7E-A62ACE042D0F}.Release|Any CPU.Build.0 = Release|Any CPU
		{8C7CEEF1-2500-4569-862C-1858CC336AE3}.Debug|Any CPU.ActiveCfg = Debug|Any CPU
		{8C7CEEF1-2500-4569-862C-1858CC336AE3}.Debug|Any CPU.Build.0 = Debug|Any CPU
		{8C7CEEF1-2500-4569-862C-1858CC336AE3}.Release|Any CPU.ActiveCfg = Release|Any CPU
		{8C7CEEF1-2500-4569-862C-1858CC336AE3}.Release|Any CPU.Build.0 = Release|Any CPU
		{6EE72DB4-2460-480A-BFB0-D11E465CCD7C}.Debug|Any CPU.ActiveCfg = Debug|Any CPU
		{6EE72DB4-2460-480A-BFB0-D11E465CCD7C}.Debug|Any CPU.Build.0 = Debug|Any CPU
		{6EE72DB4-2460-480A-BFB0-D11E465CCD7C}.Release|Any CPU.ActiveCfg = Release|Any CPU
		{6EE72DB4-2460-480A-BFB0-D11E465CCD7C}.Release|Any CPU.Build.0 = Release|Any CPU
		{49713D2A-ABA4-417F-9FDD-AD86F43C9B6E}.Debug|Any CPU.ActiveCfg = Debug|Any CPU
		{49713D2A-ABA4-417F-9FDD-AD86F43C9B6E}.Debug|Any CPU.Build.0 = Debug|Any CPU
		{49713D2A-ABA4-417F-9FDD-AD86F43C9B6E}.Release|Any CPU.ActiveCfg = Release|Any CPU
		{49713D2A-ABA4-417F-9FDD-AD86F43C9B6E}.Release|Any CPU.Build.0 = Release|Any CPU
		{1D8B8770-993A-4A6B-80D9-AB3666791603}.Debug|Any CPU.ActiveCfg = Debug|Any CPU
		{1D8B8770-993A-4A6B-80D9-AB3666791603}.Debug|Any CPU.Build.0 = Debug|Any CPU
		{1D8B8770-993A-4A6B-80D9-AB3666791603}.Release|Any CPU.ActiveCfg = Release|Any CPU
		{1D8B8770-993A-4A6B-80D9-AB3666791603}.Release|Any CPU.Build.0 = Release|Any CPU
		{AD48FD14-46D1-4BA3-B599-6DA88CAC1C7B}.Debug|Any CPU.ActiveCfg = Debug|Any CPU
		{AD48FD14-46D1-4BA3-B599-6DA88CAC1C7B}.Debug|Any CPU.Build.0 = Debug|Any CPU
		{AD48FD14-46D1-4BA3-B599-6DA88CAC1C7B}.Release|Any CPU.ActiveCfg = Release|Any CPU
		{AD48FD14-46D1-4BA3-B599-6DA88CAC1C7B}.Release|Any CPU.Build.0 = Release|Any CPU
		{94A69D5D-A373-42AC-B36D-BC6234D25585}.Debug|Any CPU.ActiveCfg = Debug|Any CPU
		{94A69D5D-A373-42AC-B36D-BC6234D25585}.Debug|Any CPU.Build.0 = Debug|Any CPU
		{94A69D5D-A373-42AC-B36D-BC6234D25585}.Release|Any CPU.ActiveCfg = Release|Any CPU
		{94A69D5D-A373-42AC-B36D-BC6234D25585}.Release|Any CPU.Build.0 = Release|Any CPU
		{F4EBD59B-5189-4783-BF60-3BF19A908AEB}.Debug|Any CPU.ActiveCfg = Debug|Any CPU
		{F4EBD59B-5189-4783-BF60-3BF19A908AEB}.Debug|Any CPU.Build.0 = Debug|Any CPU
		{F4EBD59B-5189-4783-BF60-3BF19A908AEB}.Release|Any CPU.ActiveCfg = Release|Any CPU
		{F4EBD59B-5189-4783-BF60-3BF19A908AEB}.Release|Any CPU.Build.0 = Release|Any CPU
		{95A8A345-F9CD-4C84-923B-19B5D1E93FE5}.Debug|Any CPU.ActiveCfg = Debug|Any CPU
		{95A8A345-F9CD-4C84-923B-19B5D1E93FE5}.Debug|Any CPU.Build.0 = Debug|Any CPU
		{95A8A345-F9CD-4C84-923B-19B5D1E93FE5}.Release|Any CPU.ActiveCfg = Release|Any CPU
		{95A8A345-F9CD-4C84-923B-19B5D1E93FE5}.Release|Any CPU.Build.0 = Release|Any CPU
		{614D212D-3994-4072-B707-60881162A4C4}.Debug|Any CPU.ActiveCfg = Debug|Any CPU
		{614D212D-3994-4072-B707-60881162A4C4}.Debug|Any CPU.Build.0 = Debug|Any CPU
		{614D212D-3994-4072-B707-60881162A4C4}.Release|Any CPU.ActiveCfg = Release|Any CPU
		{614D212D-3994-4072-B707-60881162A4C4}.Release|Any CPU.Build.0 = Release|Any CPU
		{1D7C20B6-74A5-452A-9991-14E60924F824}.Debug|Any CPU.ActiveCfg = Debug|Any CPU
		{1D7C20B6-74A5-452A-9991-14E60924F824}.Debug|Any CPU.Build.0 = Debug|Any CPU
		{1D7C20B6-74A5-452A-9991-14E60924F824}.Release|Any CPU.ActiveCfg = Release|Any CPU
		{1D7C20B6-74A5-452A-9991-14E60924F824}.Release|Any CPU.Build.0 = Release|Any CPU
		{FA0B1B95-09CC-40CA-8972-F5322D937ADE}.Debug|Any CPU.ActiveCfg = Debug|Any CPU
		{FA0B1B95-09CC-40CA-8972-F5322D937ADE}.Debug|Any CPU.Build.0 = Debug|Any CPU
		{FA0B1B95-09CC-40CA-8972-F5322D937ADE}.Release|Any CPU.ActiveCfg = Release|Any CPU
		{FA0B1B95-09CC-40CA-8972-F5322D937ADE}.Release|Any CPU.Build.0 = Release|Any CPU
		{D0131566-9F18-443F-B72B-A63C2A79A15B}.Debug|Any CPU.ActiveCfg = Debug|Any CPU
		{D0131566-9F18-443F-B72B-A63C2A79A15B}.Debug|Any CPU.Build.0 = Debug|Any CPU
		{D0131566-9F18-443F-B72B-A63C2A79A15B}.Release|Any CPU.ActiveCfg = Release|Any CPU
		{D0131566-9F18-443F-B72B-A63C2A79A15B}.Release|Any CPU.Build.0 = Release|Any CPU
		{1CEE476B-A40D-44F2-876B-9BA25EBCCA3D}.Debug|Any CPU.ActiveCfg = Debug|Any CPU
		{1CEE476B-A40D-44F2-876B-9BA25EBCCA3D}.Debug|Any CPU.Build.0 = Debug|Any CPU
		{1CEE476B-A40D-44F2-876B-9BA25EBCCA3D}.Release|Any CPU.ActiveCfg = Release|Any CPU
		{1CEE476B-A40D-44F2-876B-9BA25EBCCA3D}.Release|Any CPU.Build.0 = Release|Any CPU
		{5B9D956E-E842-4AD4-9A1C-3A80F347F1AF}.Debug|Any CPU.ActiveCfg = Debug|Any CPU
		{5B9D956E-E842-4AD4-9A1C-3A80F347F1AF}.Debug|Any CPU.Build.0 = Debug|Any CPU
		{5B9D956E-E842-4AD4-9A1C-3A80F347F1AF}.Release|Any CPU.ActiveCfg = Release|Any CPU
		{5B9D956E-E842-4AD4-9A1C-3A80F347F1AF}.Release|Any CPU.Build.0 = Release|Any CPU
		{47E988F4-689D-48B3-9E76-94745218E7FE}.Debug|Any CPU.ActiveCfg = Debug|Any CPU
		{47E988F4-689D-48B3-9E76-94745218E7FE}.Debug|Any CPU.Build.0 = Debug|Any CPU
		{47E988F4-689D-48B3-9E76-94745218E7FE}.Release|Any CPU.ActiveCfg = Release|Any CPU
		{47E988F4-689D-48B3-9E76-94745218E7FE}.Release|Any CPU.Build.0 = Release|Any CPU
		{C4ABF432-C55F-4F30-ABD8-AC7F0F3D7BB7}.Debug|Any CPU.ActiveCfg = Debug|Any CPU
		{C4ABF432-C55F-4F30-ABD8-AC7F0F3D7BB7}.Debug|Any CPU.Build.0 = Debug|Any CPU
		{C4ABF432-C55F-4F30-ABD8-AC7F0F3D7BB7}.Release|Any CPU.ActiveCfg = Release|Any CPU
		{C4ABF432-C55F-4F30-ABD8-AC7F0F3D7BB7}.Release|Any CPU.Build.0 = Release|Any CPU
		{DA755A6A-8B27-4DD4-8D8A-BD3800B31030}.Debug|Any CPU.ActiveCfg = Debug|Any CPU
		{DA755A6A-8B27-4DD4-8D8A-BD3800B31030}.Debug|Any CPU.Build.0 = Debug|Any CPU
		{DA755A6A-8B27-4DD4-8D8A-BD3800B31030}.Release|Any CPU.ActiveCfg = Release|Any CPU
		{DA755A6A-8B27-4DD4-8D8A-BD3800B31030}.Release|Any CPU.Build.0 = Release|Any CPU
		{2E4FAC1D-FC92-4ADF-9C4E-7F2711D0087D}.Debug|Any CPU.ActiveCfg = Debug|Any CPU
		{2E4FAC1D-FC92-4ADF-9C4E-7F2711D0087D}.Debug|Any CPU.Build.0 = Debug|Any CPU
		{2E4FAC1D-FC92-4ADF-9C4E-7F2711D0087D}.Release|Any CPU.ActiveCfg = Release|Any CPU
		{2E4FAC1D-FC92-4ADF-9C4E-7F2711D0087D}.Release|Any CPU.Build.0 = Release|Any CPU
		{093237FE-6479-42CC-9614-63257B8B532F}.Debug|Any CPU.ActiveCfg = Debug|Any CPU
		{093237FE-6479-42CC-9614-63257B8B532F}.Debug|Any CPU.Build.0 = Debug|Any CPU
		{093237FE-6479-42CC-9614-63257B8B532F}.Release|Any CPU.ActiveCfg = Release|Any CPU
		{093237FE-6479-42CC-9614-63257B8B532F}.Release|Any CPU.Build.0 = Release|Any CPU
		{390FC0F6-D208-433C-BCE6-0374B58AFA6D}.Debug|Any CPU.ActiveCfg = Debug|Any CPU
		{390FC0F6-D208-433C-BCE6-0374B58AFA6D}.Debug|Any CPU.Build.0 = Debug|Any CPU
		{390FC0F6-D208-433C-BCE6-0374B58AFA6D}.Release|Any CPU.ActiveCfg = Release|Any CPU
		{390FC0F6-D208-433C-BCE6-0374B58AFA6D}.Release|Any CPU.Build.0 = Release|Any CPU
		{68D1E35D-A92E-48A6-930C-7B32F39C37A7}.Debug|Any CPU.ActiveCfg = Debug|Any CPU
		{68D1E35D-A92E-48A6-930C-7B32F39C37A7}.Debug|Any CPU.Build.0 = Debug|Any CPU
		{68D1E35D-A92E-48A6-930C-7B32F39C37A7}.Release|Any CPU.ActiveCfg = Release|Any CPU
		{68D1E35D-A92E-48A6-930C-7B32F39C37A7}.Release|Any CPU.Build.0 = Release|Any CPU
		{A1F583B3-DB44-4133-A731-921CE3628507}.Debug|Any CPU.ActiveCfg = Debug|Any CPU
		{A1F583B3-DB44-4133-A731-921CE3628507}.Debug|Any CPU.Build.0 = Debug|Any CPU
		{A1F583B3-DB44-4133-A731-921CE3628507}.Release|Any CPU.ActiveCfg = Release|Any CPU
		{A1F583B3-DB44-4133-A731-921CE3628507}.Release|Any CPU.Build.0 = Release|Any CPU
	EndGlobalSection
	GlobalSection(SolutionProperties) = preSolution
		HideSolutionNode = FALSE
	EndGlobalSection
	GlobalSection(NestedProjects) = preSolution
		{B297EC06-E0FF-4D6F-88ED-54F72C02F429} = {2DF1ED39-736E-4D20-9A58-11171453F67D}
		{7F65FF2B-CBA8-4E1D-93CD-8B6705B45FD2} = {2DF1ED39-736E-4D20-9A58-11171453F67D}
		{485A7767-3ED4-40E7-B62C-7DB0BAEFBE57} = {6A278CFE-5241-47FC-97D5-FC7D48B08F86}
		{3611469A-7BAB-4E91-8BE3-2311E043F958} = {7F65FF2B-CBA8-4E1D-93CD-8B6705B45FD2}
		{E9A767B4-2A3F-4415-BDF0-5B22BA165023} = {7F65FF2B-CBA8-4E1D-93CD-8B6705B45FD2}
		{4DD5DB62-BEDF-44DB-B43C-4B99B185549F} = {84743509-9CD2-4FC3-AAAF-5EC3011067B3}
		{E5895280-0EF5-44F3-9951-7E35E5FC6EA7} = {84743509-9CD2-4FC3-AAAF-5EC3011067B3}
		{FC285A1A-ACF1-451A-93EE-05833A74FF0B} = {7F65FF2B-CBA8-4E1D-93CD-8B6705B45FD2}
		{A96A156D-8BAE-444D-8191-B7BD94C28EE8} = {7F65FF2B-CBA8-4E1D-93CD-8B6705B45FD2}
		{1A5C0ADA-FD0C-44BA-A03A-8414AD116497} = {FC285A1A-ACF1-451A-93EE-05833A74FF0B}
		{3D40D37F-7E3D-4AD5-AA7E-A62ACE042D0F} = {4DD5DB62-BEDF-44DB-B43C-4B99B185549F}
		{8C7CEEF1-2500-4569-862C-1858CC336AE3} = {E5895280-0EF5-44F3-9951-7E35E5FC6EA7}
		{46475F55-7435-41AE-ADA4-4E09025AFE80} = {84743509-9CD2-4FC3-AAAF-5EC3011067B3}
		{6EE72DB4-2460-480A-BFB0-D11E465CCD7C} = {46475F55-7435-41AE-ADA4-4E09025AFE80}
		{0E78EACF-F14D-4BA2-94A3-37B64AAE5277} = {7F65FF2B-CBA8-4E1D-93CD-8B6705B45FD2}
		{49713D2A-ABA4-417F-9FDD-AD86F43C9B6E} = {0E78EACF-F14D-4BA2-94A3-37B64AAE5277}
		{1D8B8770-993A-4A6B-80D9-AB3666791603} = {0E78EACF-F14D-4BA2-94A3-37B64AAE5277}
		{AD48FD14-46D1-4BA3-B599-6DA88CAC1C7B} = {0E78EACF-F14D-4BA2-94A3-37B64AAE5277}
		{94A69D5D-A373-42AC-B36D-BC6234D25585} = {0E78EACF-F14D-4BA2-94A3-37B64AAE5277}
		{F4EBD59B-5189-4783-BF60-3BF19A908AEB} = {4DD5DB62-BEDF-44DB-B43C-4B99B185549F}
		{95A8A345-F9CD-4C84-923B-19B5D1E93FE5} = {0E78EACF-F14D-4BA2-94A3-37B64AAE5277}
		{614D212D-3994-4072-B707-60881162A4C4} = {71C8B27E-0340-4390-A8DC-4DD3776E4E27}
		{1D7C20B6-74A5-452A-9991-14E60924F824} = {71C8B27E-0340-4390-A8DC-4DD3776E4E27}
		{FA0B1B95-09CC-40CA-8972-F5322D937ADE} = {71C8B27E-0340-4390-A8DC-4DD3776E4E27}
		{D0131566-9F18-443F-B72B-A63C2A79A15B} = {71C8B27E-0340-4390-A8DC-4DD3776E4E27}
		{6A278CFE-5241-47FC-97D5-FC7D48B08F86} = {B297EC06-E0FF-4D6F-88ED-54F72C02F429}
		{71C8B27E-0340-4390-A8DC-4DD3776E4E27} = {B297EC06-E0FF-4D6F-88ED-54F72C02F429}
		{1CEE476B-A40D-44F2-876B-9BA25EBCCA3D} = {0E78EACF-F14D-4BA2-94A3-37B64AAE5277}
		{47E988F4-689D-48B3-9E76-94745218E7FE} = {0E78EACF-F14D-4BA2-94A3-37B64AAE5277}
		{C4ABF432-C55F-4F30-ABD8-AC7F0F3D7BB7} = {58B4156D-AC77-4489-8C76-911E2C2F32E3}
		{58B4156D-AC77-4489-8C76-911E2C2F32E3} = {B297EC06-E0FF-4D6F-88ED-54F72C02F429}
		{DA755A6A-8B27-4DD4-8D8A-BD3800B31030} = {0E78EACF-F14D-4BA2-94A3-37B64AAE5277}
		{2E4FAC1D-FC92-4ADF-9C4E-7F2711D0087D} = {7F65FF2B-CBA8-4E1D-93CD-8B6705B45FD2}
		{093237FE-6479-42CC-9614-63257B8B532F} = {4DD5DB62-BEDF-44DB-B43C-4B99B185549F}
		{390FC0F6-D208-433C-BCE6-0374B58AFA6D} = {0E78EACF-F14D-4BA2-94A3-37B64AAE5277}
		{124C9A1C-6B3F-4D43-9D5E-7BCA54BC68BB} = {84743509-9CD2-4FC3-AAAF-5EC3011067B3}
		{68D1E35D-A92E-48A6-930C-7B32F39C37A7} = {124C9A1C-6B3F-4D43-9D5E-7BCA54BC68BB}
		{A1F583B3-DB44-4133-A731-921CE3628507} = {0E78EACF-F14D-4BA2-94A3-37B64AAE5277}
	EndGlobalSection
	GlobalSection(ExtensibilityGlobals) = postSolution
		SolutionGuid = {F5C96730-41C5-4999-9784-B64A284FE630}
	EndGlobalSection
EndGlobal
