
Microsoft Visual Studio Solution File, Format Version 12.00
# Visual Studio Version 17
VisualStudioVersion = 17.6.33723.286
MinimumVisualStudioVersion = 10.0.40219.1
Project("{2150E333-8FDC-42A3-9474-1A3956D46DE8}") = "src", "src", "{2DF1ED39-736E-4D20-9A58-11171453F67D}"
EndProject
Project("{2150E333-8FDC-42A3-9474-1A3956D46DE8}") = "hosts", "hosts", "{B297EC06-E0FF-4D6F-88ED-54F72C02F429}"
EndProject
Project("{2150E333-8FDC-42A3-9474-1A3956D46DE8}") = "libs", "libs", "{7F65FF2B-CBA8-4E1D-93CD-8B6705B45FD2}"
EndProject
Project("{9A19103F-16F7-4668-BE54-9A1E7A4F7556}") = "LeadManagerApi", "src\hosts\LeadManagerApi\LeadManagerApi.csproj", "{485A7767-3ED4-40E7-B62C-7DB0BAEFBE57}"
EndProject
Project("{2150E333-8FDC-42A3-9474-1A3956D46DE8}") = "tests", "tests", "{84743509-9CD2-4FC3-AAAF-5EC3011067B3}"
EndProject
Project("{9A19103F-16F7-4668-BE54-9A1E7A4F7556}") = "Application", "src\libs\Application\Application.csproj", "{3611469A-7BAB-4E91-8BE3-2311E043F958}"
EndProject
Project("{9A19103F-16F7-4668-BE54-9A1E7A4F7556}") = "Core", "src\libs\Core\Core.csproj", "{C029BA80-B6F1-422D-8F59-FCB751C35039}"
EndProject
Project("{9A19103F-16F7-4668-BE54-9A1E7A4F7556}") = "Infrastructure", "src\libs\Infrastructure\Infrastructure.csproj", "{E9A767B4-2A3F-4415-BDF0-5B22BA165023}"
EndProject
Project("{2150E333-8FDC-42A3-9474-1A3956D46DE8}") = "unit-tests", "unit-tests", "{4DD5DB62-BEDF-44DB-B43C-4B99B185549F}"
EndProject
Project("{2150E333-8FDC-42A3-9474-1A3956D46DE8}") = "integration-tests", "integration-tests", "{E5895280-0EF5-44F3-9951-7E35E5FC6EA7}"
EndProject
Project("{2150E333-8FDC-42A3-9474-1A3956D46DE8}") = "integrations", "integrations", "{FC285A1A-ACF1-451A-93EE-05833A74FF0B}"
EndProject
Project("{9A19103F-16F7-4668-BE54-9A1E7A4F7556}") = "Shared", "src\libs\Shared\Shared.csproj", "{A96A156D-8BAE-444D-8191-B7BD94C28EE8}"
EndProject
Project("{9A19103F-16F7-4668-BE54-9A1E7A4F7556}") = "ViaCep.ServiceClient", "src\libs\Integrations\ViaCep.ServiceClient\ViaCep.ServiceClient.csproj", "{1A5C0ADA-FD0C-44BA-A03A-8414AD116497}"
EndProject
Project("{9A19103F-16F7-4668-BE54-9A1E7A4F7556}") = "Application.Tests", "tests\unit-tests\Application.Tests\Application.Tests.csproj", "{3D40D37F-7E3D-4AD5-AA7E-A62ACE042D0F}"
EndProject
Project("{9A19103F-16F7-4668-BE54-9A1E7A4F7556}") = "Core.Tests", "tests\unit-tests\Core.Tests\Core.Tests.csproj", "{432FFE58-8994-4970-9740-63BBED6166B3}"
EndProject
Project("{9A19103F-16F7-4668-BE54-9A1E7A4F7556}") = "Shared.Tests", "tests\unit-tests\Shared.Tests\Shared.Tests.csproj", "{C5491D02-E01B-4088-81F3-FDB3C5ADFF64}"
EndProject
Project("{9A19103F-16F7-4668-BE54-9A1E7A4F7556}") = "LeadManagerApi.Tests", "tests\integration-tests\LeadManagerApi.Tests\LeadManagerApi.Tests.csproj", "{8C7CEEF1-2500-4569-862C-1858CC336AE3}"
EndProject
Project("{2150E333-8FDC-42A3-9474-1A3956D46DE8}") = "common", "common", "{46475F55-7435-41AE-ADA4-4E09025AFE80}"
EndProject
Project("{9A19103F-16F7-4668-BE54-9A1E7A4F7556}") = "Tests.Common", "tests\common\Tests.Common\Tests.Common.csproj", "{6EE72DB4-2460-480A-BFB0-D11E465CCD7C}"
EndProject
Project("{2150E333-8FDC-42A3-9474-1A3956D46DE8}") = "cross-cutting", "cross-cutting", "{0E78EACF-F14D-4BA2-94A3-37B64AAE5277}"
EndProject
Project("{9A19103F-16F7-4668-BE54-9A1E7A4F7556}") = "CrossCutting.Csv", "src\libs\Cross-cutting\Cross-cutting.Csv\CrossCutting.Csv.csproj", "{49713D2A-ABA4-417F-9FDD-AD86F43C9B6E}"
EndProject
Global
	GlobalSection(SolutionConfigurationPlatforms) = preSolution
		Debug|Any CPU = Debug|Any CPU
		Release|Any CPU = Release|Any CPU
	EndGlobalSection
	GlobalSection(ProjectConfigurationPlatforms) = postSolution
		{485A7767-3ED4-40E7-B62C-7DB0BAEFBE57}.Debug|Any CPU.ActiveCfg = Debug|Any CPU
		{485A7767-3ED4-40E7-B62C-7DB0BAEFBE57}.Debug|Any CPU.Build.0 = Debug|Any CPU
		{485A7767-3ED4-40E7-B62C-7DB0BAEFBE57}.Release|Any CPU.ActiveCfg = Release|Any CPU
		{485A7767-3ED4-40E7-B62C-7DB0BAEFBE57}.Release|Any CPU.Build.0 = Release|Any CPU
		{3611469A-7BAB-4E91-8BE3-2311E043F958}.Debug|Any CPU.ActiveCfg = Debug|Any CPU
		{3611469A-7BAB-4E91-8BE3-2311E043F958}.Debug|Any CPU.Build.0 = Debug|Any CPU
		{3611469A-7BAB-4E91-8BE3-2311E043F958}.Release|Any CPU.ActiveCfg = Release|Any CPU
		{3611469A-7BAB-4E91-8BE3-2311E043F958}.Release|Any CPU.Build.0 = Release|Any CPU
		{C029BA80-B6F1-422D-8F59-FCB751C35039}.Debug|Any CPU.ActiveCfg = Debug|Any CPU
		{C029BA80-B6F1-422D-8F59-FCB751C35039}.Debug|Any CPU.Build.0 = Debug|Any CPU
		{C029BA80-B6F1-422D-8F59-FCB751C35039}.Release|Any CPU.ActiveCfg = Release|Any CPU
		{C029BA80-B6F1-422D-8F59-FCB751C35039}.Release|Any CPU.Build.0 = Release|Any CPU
		{E9A767B4-2A3F-4415-BDF0-5B22BA165023}.Debug|Any CPU.ActiveCfg = Debug|Any CPU
		{E9A767B4-2A3F-4415-BDF0-5B22BA165023}.Debug|Any CPU.Build.0 = Debug|Any CPU
		{E9A767B4-2A3F-4415-BDF0-5B22BA165023}.Release|Any CPU.ActiveCfg = Release|Any CPU
		{E9A767B4-2A3F-4415-BDF0-5B22BA165023}.Release|Any CPU.Build.0 = Release|Any CPU
		{A96A156D-8BAE-444D-8191-B7BD94C28EE8}.Debug|Any CPU.ActiveCfg = Debug|Any CPU
		{A96A156D-8BAE-444D-8191-B7BD94C28EE8}.Debug|Any CPU.Build.0 = Debug|Any CPU
		{A96A156D-8BAE-444D-8191-B7BD94C28EE8}.Release|Any CPU.ActiveCfg = Release|Any CPU
		{A96A156D-8BAE-444D-8191-B7BD94C28EE8}.Release|Any CPU.Build.0 = Release|Any CPU
		{1A5C0ADA-FD0C-44BA-A03A-8414AD116497}.Debug|Any CPU.ActiveCfg = Debug|Any CPU
		{1A5C0ADA-FD0C-44BA-A03A-8414AD116497}.Debug|Any CPU.Build.0 = Debug|Any CPU
		{1A5C0ADA-FD0C-44BA-A03A-8414AD116497}.Release|Any CPU.ActiveCfg = Release|Any CPU
		{1A5C0ADA-FD0C-44BA-A03A-8414AD116497}.Release|Any CPU.Build.0 = Release|Any CPU
		{3D40D37F-7E3D-4AD5-AA7E-A62ACE042D0F}.Debug|Any CPU.ActiveCfg = Debug|Any CPU
		{3D40D37F-7E3D-4AD5-AA7E-A62ACE042D0F}.Debug|Any CPU.Build.0 = Debug|Any CPU
		{3D40D37F-7E3D-4AD5-AA7E-A62ACE042D0F}.Release|Any CPU.ActiveCfg = Release|Any CPU
		{3D40D37F-7E3D-4AD5-AA7E-A62ACE042D0F}.Release|Any CPU.Build.0 = Release|Any CPU
		{432FFE58-8994-4970-9740-63BBED6166B3}.Debug|Any CPU.ActiveCfg = Debug|Any CPU
		{432FFE58-8994-4970-9740-63BBED6166B3}.Debug|Any CPU.Build.0 = Debug|Any CPU
		{432FFE58-8994-4970-9740-63BBED6166B3}.Release|Any CPU.ActiveCfg = Release|Any CPU
		{432FFE58-8994-4970-9740-63BBED6166B3}.Release|Any CPU.Build.0 = Release|Any CPU
		{C5491D02-E01B-4088-81F3-FDB3C5ADFF64}.Debug|Any CPU.ActiveCfg = Debug|Any CPU
		{C5491D02-E01B-4088-81F3-FDB3C5ADFF64}.Debug|Any CPU.Build.0 = Debug|Any CPU
		{C5491D02-E01B-4088-81F3-FDB3C5ADFF64}.Release|Any CPU.ActiveCfg = Release|Any CPU
		{C5491D02-E01B-4088-81F3-FDB3C5ADFF64}.Release|Any CPU.Build.0 = Release|Any CPU
		{8C7CEEF1-2500-4569-862C-1858CC336AE3}.Debug|Any CPU.ActiveCfg = Debug|Any CPU
		{8C7CEEF1-2500-4569-862C-1858CC336AE3}.Debug|Any CPU.Build.0 = Debug|Any CPU
		{8C7CEEF1-2500-4569-862C-1858CC336AE3}.Release|Any CPU.ActiveCfg = Release|Any CPU
		{8C7CEEF1-2500-4569-862C-1858CC336AE3}.Release|Any CPU.Build.0 = Release|Any CPU
		{6EE72DB4-2460-480A-BFB0-D11E465CCD7C}.Debug|Any CPU.ActiveCfg = Debug|Any CPU
		{6EE72DB4-2460-480A-BFB0-D11E465CCD7C}.Debug|Any CPU.Build.0 = Debug|Any CPU
		{6EE72DB4-2460-480A-BFB0-D11E465CCD7C}.Release|Any CPU.ActiveCfg = Release|Any CPU
		{6EE72DB4-2460-480A-BFB0-D11E465CCD7C}.Release|Any CPU.Build.0 = Release|Any CPU
		{49713D2A-ABA4-417F-9FDD-AD86F43C9B6E}.Debug|Any CPU.ActiveCfg = Debug|Any CPU
		{49713D2A-ABA4-417F-9FDD-AD86F43C9B6E}.Debug|Any CPU.Build.0 = Debug|Any CPU
		{49713D2A-ABA4-417F-9FDD-AD86F43C9B6E}.Release|Any CPU.ActiveCfg = Release|Any CPU
		{49713D2A-ABA4-417F-9FDD-AD86F43C9B6E}.Release|Any CPU.Build.0 = Release|Any CPU
	EndGlobalSection
	GlobalSection(SolutionProperties) = preSolution
		HideSolutionNode = FALSE
	EndGlobalSection
	GlobalSection(NestedProjects) = preSolution
		{B297EC06-E0FF-4D6F-88ED-54F72C02F429} = {2DF1ED39-736E-4D20-9A58-11171453F67D}
		{7F65FF2B-CBA8-4E1D-93CD-8B6705B45FD2} = {2DF1ED39-736E-4D20-9A58-11171453F67D}
		{485A7767-3ED4-40E7-B62C-7DB0BAEFBE57} = {B297EC06-E0FF-4D6F-88ED-54F72C02F429}
		{3611469A-7BAB-4E91-8BE3-2311E043F958} = {7F65FF2B-CBA8-4E1D-93CD-8B6705B45FD2}
		{C029BA80-B6F1-422D-8F59-FCB751C35039} = {7F65FF2B-CBA8-4E1D-93CD-8B6705B45FD2}
		{E9A767B4-2A3F-4415-BDF0-5B22BA165023} = {7F65FF2B-CBA8-4E1D-93CD-8B6705B45FD2}
		{4DD5DB62-BEDF-44DB-B43C-4B99B185549F} = {84743509-9CD2-4FC3-AAAF-5EC3011067B3}
		{E5895280-0EF5-44F3-9951-7E35E5FC6EA7} = {84743509-9CD2-4FC3-AAAF-5EC3011067B3}
		{FC285A1A-ACF1-451A-93EE-05833A74FF0B} = {7F65FF2B-CBA8-4E1D-93CD-8B6705B45FD2}
		{A96A156D-8BAE-444D-8191-B7BD94C28EE8} = {7F65FF2B-CBA8-4E1D-93CD-8B6705B45FD2}
		{1A5C0ADA-FD0C-44BA-A03A-8414AD116497} = {FC285A1A-ACF1-451A-93EE-05833A74FF0B}
		{3D40D37F-7E3D-4AD5-AA7E-A62ACE042D0F} = {4DD5DB62-BEDF-44DB-B43C-4B99B185549F}
		{432FFE58-8994-4970-9740-63BBED6166B3} = {4DD5DB62-BEDF-44DB-B43C-4B99B185549F}
		{C5491D02-E01B-4088-81F3-FDB3C5ADFF64} = {4DD5DB62-BEDF-44DB-B43C-4B99B185549F}
		{8C7CEEF1-2500-4569-862C-1858CC336AE3} = {E5895280-0EF5-44F3-9951-7E35E5FC6EA7}
		{46475F55-7435-41AE-ADA4-4E09025AFE80} = {84743509-9CD2-4FC3-AAAF-5EC3011067B3}
		{6EE72DB4-2460-480A-BFB0-D11E465CCD7C} = {46475F55-7435-41AE-ADA4-4E09025AFE80}
		{0E78EACF-F14D-4BA2-94A3-37B64AAE5277} = {7F65FF2B-CBA8-4E1D-93CD-8B6705B45FD2}
		{49713D2A-ABA4-417F-9FDD-AD86F43C9B6E} = {0E78EACF-F14D-4BA2-94A3-37B64AAE5277}
	EndGlobalSection
	GlobalSection(ExtensibilityGlobals) = postSolution
		SolutionGuid = {F5C96730-41C5-4999-9784-B64A284FE630}
	EndGlobalSection
EndGlobal
